
Microsoft Visual Studio Solution File, Format Version 12.00
# Visual Studio 15
VisualStudioVersion = 15.0.26730.16
MinimumVisualStudioVersion = 10.0.40219.1
Project("{FAE04EC0-301F-11D3-BF4B-00C04F79EFBC}") = "Crud_Operation", "Task150\Crud_Operation.csproj", "{E2D9C454-F8C2-4CE2-84CE-851B4869A372}"
EndProject
Global
	GlobalSection(SolutionConfigurationPlatforms) = preSolution
		Debug|Any CPU = Debug|Any CPU
		Release|Any CPU = Release|Any CPU
	EndGlobalSection
	GlobalSection(ProjectConfigurationPlatforms) = postSolution
		{E2D9C454-F8C2-4CE2-84CE-851B4869A372}.Debug|Any CPU.ActiveCfg = Debug|Any CPU
		{E2D9C454-F8C2-4CE2-84CE-851B4869A372}.Debug|Any CPU.Build.0 = Debug|Any CPU
		{E2D9C454-F8C2-4CE2-84CE-851B4869A372}.Release|Any CPU.ActiveCfg = Release|Any CPU
		{E2D9C454-F8C2-4CE2-84CE-851B4869A372}.Release|Any CPU.Build.0 = Release|Any CPU
	EndGlobalSection
	GlobalSection(SolutionProperties) = preSolution
		HideSolutionNode = FALSE
	EndGlobalSection
	GlobalSection(ExtensibilityGlobals) = postSolution
		SolutionGuid = {1E60C565-17D5-4CEA-8F91-C935F19BF0FD}
	EndGlobalSection
EndGlobal
